
Microsoft Visual Studio Solution File, Format Version 12.00
# Visual Studio Version 16
VisualStudioVersion = 16.0.31613.86
MinimumVisualStudioVersion = 10.0.40219.1
Project("{FAE04EC0-301F-11D3-BF4B-00C04F79EFBC}") = "AdvancedClasses", "AdvancedClasses\AdvancedClasses.csproj", "{7BEC9FAB-6A7A-4C61-841C-CB59E0577226}"
EndProject
Global
	GlobalSection(SolutionConfigurationPlatforms) = preSolution
		Debug|Any CPU = Debug|Any CPU
		Release|Any CPU = Release|Any CPU
	EndGlobalSection
	GlobalSection(ProjectConfigurationPlatforms) = postSolution
		{7BEC9FAB-6A7A-4C61-841C-CB59E0577226}.Debug|Any CPU.ActiveCfg = Debug|Any CPU
		{7BEC9FAB-6A7A-4C61-841C-CB59E0577226}.Debug|Any CPU.Build.0 = Debug|Any CPU
		{7BEC9FAB-6A7A-4C61-841C-CB59E0577226}.Release|Any CPU.ActiveCfg = Release|Any CPU
		{7BEC9FAB-6A7A-4C61-841C-CB59E0577226}.Release|Any CPU.Build.0 = Release|Any CPU
	EndGlobalSection
	GlobalSection(SolutionProperties) = preSolution
		HideSolutionNode = FALSE
	EndGlobalSection
	GlobalSection(ExtensibilityGlobals) = postSolution
		SolutionGuid = {B8D06E9D-5674-4EE9-A941-64917988F6CA}
	EndGlobalSection
EndGlobal
