
Microsoft Visual Studio Solution File, Format Version 12.00
# Visual Studio Version 16
VisualStudioVersion = 16.0.31613.86
MinimumVisualStudioVersion = 10.0.40219.1
Project("{FAE04EC0-301F-11D3-BF4B-00C04F79EFBC}") = "Attribute-Tutorial", "Attribute-Tutorial\Attribute-Tutorial.csproj", "{052D7DD6-34C8-4B88-A270-5E974EEF00FD}"
EndProject
Global
	GlobalSection(SolutionConfigurationPlatforms) = preSolution
		Debug|Any CPU = Debug|Any CPU
		Release|Any CPU = Release|Any CPU
	EndGlobalSection
	GlobalSection(ProjectConfigurationPlatforms) = postSolution
		{052D7DD6-34C8-4B88-A270-5E974EEF00FD}.Debug|Any CPU.ActiveCfg = Debug|Any CPU
		{052D7DD6-34C8-4B88-A270-5E974EEF00FD}.Debug|Any CPU.Build.0 = Debug|Any CPU
		{052D7DD6-34C8-4B88-A270-5E974EEF00FD}.Release|Any CPU.ActiveCfg = Release|Any CPU
		{052D7DD6-34C8-4B88-A270-5E974EEF00FD}.Release|Any CPU.Build.0 = Release|Any CPU
	EndGlobalSection
	GlobalSection(SolutionProperties) = preSolution
		HideSolutionNode = FALSE
	EndGlobalSection
	GlobalSection(ExtensibilityGlobals) = postSolution
		SolutionGuid = {7E37F21C-FD81-4387-89A4-F982A6244140}
	EndGlobalSection
EndGlobal
