
Microsoft Visual Studio Solution File, Format Version 12.00
# Visual Studio Version 16
VisualStudioVersion = 16.0.31613.86
MinimumVisualStudioVersion = 10.0.40219.1
Project("{FAE04EC0-301F-11D3-BF4B-00C04F79EFBC}") = "OOP Basics", "OOP Basics\OOP Basics.csproj", "{DBEDCD98-E677-46C3-8816-25C1E7C14F49}"
EndProject
Global
	GlobalSection(SolutionConfigurationPlatforms) = preSolution
		Debug|Any CPU = Debug|Any CPU
		Release|Any CPU = Release|Any CPU
	EndGlobalSection
	GlobalSection(ProjectConfigurationPlatforms) = postSolution
		{DBEDCD98-E677-46C3-8816-25C1E7C14F49}.Debug|Any CPU.ActiveCfg = Debug|Any CPU
		{DBEDCD98-E677-46C3-8816-25C1E7C14F49}.Debug|Any CPU.Build.0 = Debug|Any CPU
		{DBEDCD98-E677-46C3-8816-25C1E7C14F49}.Release|Any CPU.ActiveCfg = Release|Any CPU
		{DBEDCD98-E677-46C3-8816-25C1E7C14F49}.Release|Any CPU.Build.0 = Release|Any CPU
	EndGlobalSection
	GlobalSection(SolutionProperties) = preSolution
		HideSolutionNode = FALSE
	EndGlobalSection
	GlobalSection(ExtensibilityGlobals) = postSolution
		SolutionGuid = {924C3FF1-8AC4-419D-9A60-54EAB7009EBD}
	EndGlobalSection
EndGlobal
